
Microsoft Visual Studio Solution File, Format Version 12.00
# Visual Studio Version 17
VisualStudioVersion = 17.3.32901.215
MinimumVisualStudioVersion = 10.0.40219.1
Project("{FAE04EC0-301F-11D3-BF4B-00C04F79EFBC}") = "Upr", "Upr\Upr.csproj", "{3219DC43-CAD6-4788-8FBB-DA1A2AE87975}"
EndProject
Project("{FAE04EC0-301F-11D3-BF4B-00C04F79EFBC}") = "ConsoleApp1", "ConsoleApp1\ConsoleApp1.csproj", "{579121A4-CD9A-4A45-8799-973A00B67711}"
EndProject
Project("{FAE04EC0-301F-11D3-BF4B-00C04F79EFBC}") = "ConsoleApp2", "ConsoleApp2\ConsoleApp2.csproj", "{D70DCE04-1C4C-441E-B285-EF496F3D3157}"
EndProject
Project("{FAE04EC0-301F-11D3-BF4B-00C04F79EFBC}") = "ConsoleApp3", "ConsoleApp3\ConsoleApp3.csproj", "{83A75AC8-6497-4614-A5C0-D7B022903143}"
EndProject
Project("{FAE04EC0-301F-11D3-BF4B-00C04F79EFBC}") = "ConsoleApp4", "ConsoleApp4\ConsoleApp4.csproj", "{B142A01E-316A-4FB5-B89E-D9E67C6698BC}"
EndProject
Project("{FAE04EC0-301F-11D3-BF4B-00C04F79EFBC}") = "ConsoleApp5", "ConsoleApp5\ConsoleApp5.csproj", "{28F11671-1D95-46E0-8C81-7187D62A4849}"
EndProject
Global
	GlobalSection(SolutionConfigurationPlatforms) = preSolution
		Debug|Any CPU = Debug|Any CPU
		Release|Any CPU = Release|Any CPU
	EndGlobalSection
	GlobalSection(ProjectConfigurationPlatforms) = postSolution
		{3219DC43-CAD6-4788-8FBB-DA1A2AE87975}.Debug|Any CPU.ActiveCfg = Debug|Any CPU
		{3219DC43-CAD6-4788-8FBB-DA1A2AE87975}.Debug|Any CPU.Build.0 = Debug|Any CPU
		{3219DC43-CAD6-4788-8FBB-DA1A2AE87975}.Release|Any CPU.ActiveCfg = Release|Any CPU
		{3219DC43-CAD6-4788-8FBB-DA1A2AE87975}.Release|Any CPU.Build.0 = Release|Any CPU
		{579121A4-CD9A-4A45-8799-973A00B67711}.Debug|Any CPU.ActiveCfg = Debug|Any CPU
		{579121A4-CD9A-4A45-8799-973A00B67711}.Debug|Any CPU.Build.0 = Debug|Any CPU
		{579121A4-CD9A-4A45-8799-973A00B67711}.Release|Any CPU.ActiveCfg = Release|Any CPU
		{579121A4-CD9A-4A45-8799-973A00B67711}.Release|Any CPU.Build.0 = Release|Any CPU
		{D70DCE04-1C4C-441E-B285-EF496F3D3157}.Debug|Any CPU.ActiveCfg = Debug|Any CPU
		{D70DCE04-1C4C-441E-B285-EF496F3D3157}.Debug|Any CPU.Build.0 = Debug|Any CPU
		{D70DCE04-1C4C-441E-B285-EF496F3D3157}.Release|Any CPU.ActiveCfg = Release|Any CPU
		{D70DCE04-1C4C-441E-B285-EF496F3D3157}.Release|Any CPU.Build.0 = Release|Any CPU
		{83A75AC8-6497-4614-A5C0-D7B022903143}.Debug|Any CPU.ActiveCfg = Debug|Any CPU
		{83A75AC8-6497-4614-A5C0-D7B022903143}.Debug|Any CPU.Build.0 = Debug|Any CPU
		{83A75AC8-6497-4614-A5C0-D7B022903143}.Release|Any CPU.ActiveCfg = Release|Any CPU
		{83A75AC8-6497-4614-A5C0-D7B022903143}.Release|Any CPU.Build.0 = Release|Any CPU
		{B142A01E-316A-4FB5-B89E-D9E67C6698BC}.Debug|Any CPU.ActiveCfg = Debug|Any CPU
		{B142A01E-316A-4FB5-B89E-D9E67C6698BC}.Debug|Any CPU.Build.0 = Debug|Any CPU
		{B142A01E-316A-4FB5-B89E-D9E67C6698BC}.Release|Any CPU.ActiveCfg = Release|Any CPU
		{B142A01E-316A-4FB5-B89E-D9E67C6698BC}.Release|Any CPU.Build.0 = Release|Any CPU
		{28F11671-1D95-46E0-8C81-7187D62A4849}.Debug|Any CPU.ActiveCfg = Debug|Any CPU
		{28F11671-1D95-46E0-8C81-7187D62A4849}.Debug|Any CPU.Build.0 = Debug|Any CPU
		{28F11671-1D95-46E0-8C81-7187D62A4849}.Release|Any CPU.ActiveCfg = Release|Any CPU
		{28F11671-1D95-46E0-8C81-7187D62A4849}.Release|Any CPU.Build.0 = Release|Any CPU
	EndGlobalSection
	GlobalSection(SolutionProperties) = preSolution
		HideSolutionNode = FALSE
	EndGlobalSection
	GlobalSection(ExtensibilityGlobals) = postSolution
		SolutionGuid = {31225167-8D8E-448D-95F9-09B222814DB2}
	EndGlobalSection
EndGlobal
